
Microsoft Visual Studio Solution File, Format Version 12.00
Project("{FAE04EC0-301F-11D3-BF4B-00C04F79EFBC}") = "WindowsFormsAppEasyCs106", "WindowsFormsAppEasyCs106\WindowsFormsAppEasyCs106.csproj", "{DCFD3D0E-A79D-401C-AE82-07A41BCC054B}"
EndProject
Global
	GlobalSection(SolutionConfigurationPlatforms) = preSolution
		Debug|Any CPU = Debug|Any CPU
		Release|Any CPU = Release|Any CPU
	EndGlobalSection
	GlobalSection(ProjectConfigurationPlatforms) = postSolution
		{DCFD3D0E-A79D-401C-AE82-07A41BCC054B}.Debug|Any CPU.ActiveCfg = Debug|Any CPU
		{DCFD3D0E-A79D-401C-AE82-07A41BCC054B}.Debug|Any CPU.Build.0 = Debug|Any CPU
		{DCFD3D0E-A79D-401C-AE82-07A41BCC054B}.Release|Any CPU.ActiveCfg = Release|Any CPU
		{DCFD3D0E-A79D-401C-AE82-07A41BCC054B}.Release|Any CPU.Build.0 = Release|Any CPU
	EndGlobalSection
EndGlobal
